
Microsoft Visual Studio Solution File, Format Version 12.00
# Visual Studio Version 16
VisualStudioVersion = 16.0.30611.23
MinimumVisualStudioVersion = 10.0.40219.1
Project("{FAE04EC0-301F-11D3-BF4B-00C04F79EFBC}") = "MyHelloWorld", "MyHelloWorld\MyHelloWorld.csproj", "{CB651591-1A24-404D-A3EB-24DEF6EEEBC0}"
EndProject
Project("{FAE04EC0-301F-11D3-BF4B-00C04F79EFBC}") = "TextRepeater", "TextRepeater\TextRepeater.csproj", "{FCE26A43-70D6-427A-94B2-5E96FE55BE1B}"
EndProject
Project("{FAE04EC0-301F-11D3-BF4B-00C04F79EFBC}") = "DrawCharacter", "DrawCharacter\DrawCharacter.csproj", "{085E0948-21E8-4C89-B458-37F8A6AF0443}"
EndProject
Project("{FAE04EC0-301F-11D3-BF4B-00C04F79EFBC}") = "StatischeMethoden", "StatischeMethoden\StatischeMethoden.csproj", "{14682685-8ABB-4199-A36B-F0D317A67C76}"
EndProject
Project("{FAE04EC0-301F-11D3-BF4B-00C04F79EFBC}") = "DrawShapes", "DrawShapes\DrawShapes.csproj", "{680D138E-DF2C-4FF5-A183-4E766022E5EB}"
EndProject
Project("{FAE04EC0-301F-11D3-BF4B-00C04F79EFBC}") = "Arrays", "Arrays\Arrays.csproj", "{255DFDB7-15BE-4684-8652-99CA4264C819}"
EndProject
Project("{FAE04EC0-301F-11D3-BF4B-00C04F79EFBC}") = "OOP", "OOP\OOP.csproj", "{A1DDF185-D450-4D72-A8DF-A07A7C6B4CB8}"
EndProject
Project("{FAE04EC0-301F-11D3-BF4B-00C04F79EFBC}") = "MyDrawingLibFramework", "MyDrawingClassFramework\MyDrawingLibFramework.csproj", "{E1C8FDA0-4AFB-4914-B32E-925A3384B3B1}"
EndProject
Project("{FAE04EC0-301F-11D3-BF4B-00C04F79EFBC}") = "StringOperations", "StringOperations\StringOperations.csproj", "{C423419C-FE04-4C29-B8EB-F08C98477156}"
EndProject
Project("{FAE04EC0-301F-11D3-BF4B-00C04F79EFBC}") = "Factorial-Fibonacci", "Fakultät-Fibonacci\Factorial-Fibonacci.csproj", "{0F22C602-A777-4B0B-ACB7-0613A0D33EA6}"
EndProject
Project("{FAE04EC0-301F-11D3-BF4B-00C04F79EFBC}") = "RecursionExamples", "RecursionExamples\RecursionExamples.csproj", "{D6B613F2-29D0-46B7-A610-3804407BA2ED}"
EndProject
Project("{2150E333-8FDC-42A3-9474-1A3956D46DE8}") = "OOP_Drawing", "OOP_Drawing", "{C2EA130F-8BAD-42EE-9A61-CB7F186D1806}"
EndProject
Project("{FAE04EC0-301F-11D3-BF4B-00C04F79EFBC}") = "TextContentAnalyser", "TextContentAnalyser\TextContentAnalyser.csproj", "{8C671591-4248-4D49-BAE6-82ABFC567A38}"
EndProject
Project("{FAE04EC0-301F-11D3-BF4B-00C04F79EFBC}") = "hofmann_ITL_MAK", "hofmann_ITL_MAK\hofmann_ITL_MAK.csproj", "{E3CFEAFE-2EE4-409F-90E7-244A5AC173B1}"
EndProject
Project("{9A19103F-16F7-4668-BE54-9A1E7A4F7556}") = "hofmann_ITL_MAK2", "hofmann_ITL_MAK2\hofmann_ITL_MAK2.csproj", "{BA849BE4-7061-40EF-9A91-EDC72897F41B}"
EndProject
Project("{FAE04EC0-301F-11D3-BF4B-00C04F79EFBC}") = "SortAlgorithms", "SearchAndSortAlgorithm\SortAlgorithms.csproj", "{0A33F1ED-1806-497F-B8ED-DACE941DDE16}"
EndProject
Project("{FAE04EC0-301F-11D3-BF4B-00C04F79EFBC}") = "DataStructures", "DataStructures\DataStructures.csproj", "{223432D7-7C8B-4675-88A5-E6319749F56C}"
EndProject
Global
	GlobalSection(SolutionConfigurationPlatforms) = preSolution
		Debug|Any CPU = Debug|Any CPU
		Release|Any CPU = Release|Any CPU
	EndGlobalSection
	GlobalSection(ProjectConfigurationPlatforms) = postSolution
		{CB651591-1A24-404D-A3EB-24DEF6EEEBC0}.Debug|Any CPU.ActiveCfg = Debug|Any CPU
		{CB651591-1A24-404D-A3EB-24DEF6EEEBC0}.Debug|Any CPU.Build.0 = Debug|Any CPU
		{CB651591-1A24-404D-A3EB-24DEF6EEEBC0}.Release|Any CPU.ActiveCfg = Release|Any CPU
		{CB651591-1A24-404D-A3EB-24DEF6EEEBC0}.Release|Any CPU.Build.0 = Release|Any CPU
		{FCE26A43-70D6-427A-94B2-5E96FE55BE1B}.Debug|Any CPU.ActiveCfg = Debug|Any CPU
		{FCE26A43-70D6-427A-94B2-5E96FE55BE1B}.Debug|Any CPU.Build.0 = Debug|Any CPU
		{FCE26A43-70D6-427A-94B2-5E96FE55BE1B}.Release|Any CPU.ActiveCfg = Release|Any CPU
		{FCE26A43-70D6-427A-94B2-5E96FE55BE1B}.Release|Any CPU.Build.0 = Release|Any CPU
		{085E0948-21E8-4C89-B458-37F8A6AF0443}.Debug|Any CPU.ActiveCfg = Debug|Any CPU
		{085E0948-21E8-4C89-B458-37F8A6AF0443}.Debug|Any CPU.Build.0 = Debug|Any CPU
		{085E0948-21E8-4C89-B458-37F8A6AF0443}.Release|Any CPU.ActiveCfg = Release|Any CPU
		{085E0948-21E8-4C89-B458-37F8A6AF0443}.Release|Any CPU.Build.0 = Release|Any CPU
		{14682685-8ABB-4199-A36B-F0D317A67C76}.Debug|Any CPU.ActiveCfg = Debug|Any CPU
		{14682685-8ABB-4199-A36B-F0D317A67C76}.Debug|Any CPU.Build.0 = Debug|Any CPU
		{14682685-8ABB-4199-A36B-F0D317A67C76}.Release|Any CPU.ActiveCfg = Release|Any CPU
		{14682685-8ABB-4199-A36B-F0D317A67C76}.Release|Any CPU.Build.0 = Release|Any CPU
		{680D138E-DF2C-4FF5-A183-4E766022E5EB}.Debug|Any CPU.ActiveCfg = Debug|Any CPU
		{680D138E-DF2C-4FF5-A183-4E766022E5EB}.Debug|Any CPU.Build.0 = Debug|Any CPU
		{680D138E-DF2C-4FF5-A183-4E766022E5EB}.Release|Any CPU.ActiveCfg = Release|Any CPU
		{680D138E-DF2C-4FF5-A183-4E766022E5EB}.Release|Any CPU.Build.0 = Release|Any CPU
		{255DFDB7-15BE-4684-8652-99CA4264C819}.Debug|Any CPU.ActiveCfg = Debug|Any CPU
		{255DFDB7-15BE-4684-8652-99CA4264C819}.Debug|Any CPU.Build.0 = Debug|Any CPU
		{255DFDB7-15BE-4684-8652-99CA4264C819}.Release|Any CPU.ActiveCfg = Release|Any CPU
		{255DFDB7-15BE-4684-8652-99CA4264C819}.Release|Any CPU.Build.0 = Release|Any CPU
		{A1DDF185-D450-4D72-A8DF-A07A7C6B4CB8}.Debug|Any CPU.ActiveCfg = Debug|Any CPU
		{A1DDF185-D450-4D72-A8DF-A07A7C6B4CB8}.Debug|Any CPU.Build.0 = Debug|Any CPU
		{A1DDF185-D450-4D72-A8DF-A07A7C6B4CB8}.Release|Any CPU.ActiveCfg = Release|Any CPU
		{A1DDF185-D450-4D72-A8DF-A07A7C6B4CB8}.Release|Any CPU.Build.0 = Release|Any CPU
		{E1C8FDA0-4AFB-4914-B32E-925A3384B3B1}.Debug|Any CPU.ActiveCfg = Debug|Any CPU
		{E1C8FDA0-4AFB-4914-B32E-925A3384B3B1}.Debug|Any CPU.Build.0 = Debug|Any CPU
		{E1C8FDA0-4AFB-4914-B32E-925A3384B3B1}.Release|Any CPU.ActiveCfg = Release|Any CPU
		{E1C8FDA0-4AFB-4914-B32E-925A3384B3B1}.Release|Any CPU.Build.0 = Release|Any CPU
		{C423419C-FE04-4C29-B8EB-F08C98477156}.Debug|Any CPU.ActiveCfg = Debug|Any CPU
		{C423419C-FE04-4C29-B8EB-F08C98477156}.Debug|Any CPU.Build.0 = Debug|Any CPU
		{C423419C-FE04-4C29-B8EB-F08C98477156}.Release|Any CPU.ActiveCfg = Release|Any CPU
		{C423419C-FE04-4C29-B8EB-F08C98477156}.Release|Any CPU.Build.0 = Release|Any CPU
		{0F22C602-A777-4B0B-ACB7-0613A0D33EA6}.Debug|Any CPU.ActiveCfg = Debug|Any CPU
		{0F22C602-A777-4B0B-ACB7-0613A0D33EA6}.Debug|Any CPU.Build.0 = Debug|Any CPU
		{0F22C602-A777-4B0B-ACB7-0613A0D33EA6}.Release|Any CPU.ActiveCfg = Release|Any CPU
		{0F22C602-A777-4B0B-ACB7-0613A0D33EA6}.Release|Any CPU.Build.0 = Release|Any CPU
		{D6B613F2-29D0-46B7-A610-3804407BA2ED}.Debug|Any CPU.ActiveCfg = Debug|Any CPU
		{D6B613F2-29D0-46B7-A610-3804407BA2ED}.Debug|Any CPU.Build.0 = Debug|Any CPU
		{D6B613F2-29D0-46B7-A610-3804407BA2ED}.Release|Any CPU.ActiveCfg = Release|Any CPU
		{D6B613F2-29D0-46B7-A610-3804407BA2ED}.Release|Any CPU.Build.0 = Release|Any CPU
		{8C671591-4248-4D49-BAE6-82ABFC567A38}.Debug|Any CPU.ActiveCfg = Debug|Any CPU
		{8C671591-4248-4D49-BAE6-82ABFC567A38}.Debug|Any CPU.Build.0 = Debug|Any CPU
		{8C671591-4248-4D49-BAE6-82ABFC567A38}.Release|Any CPU.ActiveCfg = Release|Any CPU
		{8C671591-4248-4D49-BAE6-82ABFC567A38}.Release|Any CPU.Build.0 = Release|Any CPU
		{E3CFEAFE-2EE4-409F-90E7-244A5AC173B1}.Debug|Any CPU.ActiveCfg = Debug|Any CPU
		{E3CFEAFE-2EE4-409F-90E7-244A5AC173B1}.Debug|Any CPU.Build.0 = Debug|Any CPU
		{E3CFEAFE-2EE4-409F-90E7-244A5AC173B1}.Release|Any CPU.ActiveCfg = Release|Any CPU
		{E3CFEAFE-2EE4-409F-90E7-244A5AC173B1}.Release|Any CPU.Build.0 = Release|Any CPU
		{BA849BE4-7061-40EF-9A91-EDC72897F41B}.Debug|Any CPU.ActiveCfg = Debug|Any CPU
		{BA849BE4-7061-40EF-9A91-EDC72897F41B}.Debug|Any CPU.Build.0 = Debug|Any CPU
		{BA849BE4-7061-40EF-9A91-EDC72897F41B}.Release|Any CPU.ActiveCfg = Release|Any CPU
		{BA849BE4-7061-40EF-9A91-EDC72897F41B}.Release|Any CPU.Build.0 = Release|Any CPU
		{0A33F1ED-1806-497F-B8ED-DACE941DDE16}.Debug|Any CPU.ActiveCfg = Debug|Any CPU
		{0A33F1ED-1806-497F-B8ED-DACE941DDE16}.Debug|Any CPU.Build.0 = Debug|Any CPU
		{0A33F1ED-1806-497F-B8ED-DACE941DDE16}.Release|Any CPU.ActiveCfg = Release|Any CPU
		{0A33F1ED-1806-497F-B8ED-DACE941DDE16}.Release|Any CPU.Build.0 = Release|Any CPU
		{223432D7-7C8B-4675-88A5-E6319749F56C}.Debug|Any CPU.ActiveCfg = Debug|Any CPU
		{223432D7-7C8B-4675-88A5-E6319749F56C}.Debug|Any CPU.Build.0 = Debug|Any CPU
		{223432D7-7C8B-4675-88A5-E6319749F56C}.Release|Any CPU.ActiveCfg = Release|Any CPU
		{223432D7-7C8B-4675-88A5-E6319749F56C}.Release|Any CPU.Build.0 = Release|Any CPU
	EndGlobalSection
	GlobalSection(SolutionProperties) = preSolution
		HideSolutionNode = FALSE
	EndGlobalSection
	GlobalSection(NestedProjects) = preSolution
		{A1DDF185-D450-4D72-A8DF-A07A7C6B4CB8} = {C2EA130F-8BAD-42EE-9A61-CB7F186D1806}
		{E1C8FDA0-4AFB-4914-B32E-925A3384B3B1} = {C2EA130F-8BAD-42EE-9A61-CB7F186D1806}
	EndGlobalSection
	GlobalSection(ExtensibilityGlobals) = postSolution
		SolutionGuid = {5881B1CD-E897-4377-ABB1-55FA009A2CC9}
	EndGlobalSection
EndGlobal
